
Microsoft Visual Studio Solution File, Format Version 12.00
# Visual Studio Version 16
VisualStudioVersion = 16.0.29230.47
MinimumVisualStudioVersion = 10.0.40219.1
Project("{FAE04EC0-301F-11D3-BF4B-00C04F79EFBC}") = "TicTacToe", "xo\TicTacToe.csproj", "{903F5698-350E-4394-8AD9-F8D801950181}"
EndProject
Project("{FAE04EC0-301F-11D3-BF4B-00C04F79EFBC}") = "TicTacToeClassLibrary", "XOClassLibrary\TicTacToeClassLibrary.csproj", "{9AB14D21-C117-4907-83DE-2614B02354CF}"
EndProject
Global
	GlobalSection(SolutionConfigurationPlatforms) = preSolution
		Debug|Any CPU = Debug|Any CPU
		Release|Any CPU = Release|Any CPU
	EndGlobalSection
	GlobalSection(ProjectConfigurationPlatforms) = postSolution
		{903F5698-350E-4394-8AD9-F8D801950181}.Debug|Any CPU.ActiveCfg = Debug|Any CPU
		{903F5698-350E-4394-8AD9-F8D801950181}.Debug|Any CPU.Build.0 = Debug|Any CPU
		{903F5698-350E-4394-8AD9-F8D801950181}.Release|Any CPU.ActiveCfg = Release|Any CPU
		{903F5698-350E-4394-8AD9-F8D801950181}.Release|Any CPU.Build.0 = Release|Any CPU
		{9AB14D21-C117-4907-83DE-2614B02354CF}.Debug|Any CPU.ActiveCfg = Debug|Any CPU
		{9AB14D21-C117-4907-83DE-2614B02354CF}.Debug|Any CPU.Build.0 = Debug|Any CPU
		{9AB14D21-C117-4907-83DE-2614B02354CF}.Release|Any CPU.ActiveCfg = Release|Any CPU
		{9AB14D21-C117-4907-83DE-2614B02354CF}.Release|Any CPU.Build.0 = Release|Any CPU
	EndGlobalSection
	GlobalSection(SolutionProperties) = preSolution
		HideSolutionNode = FALSE
	EndGlobalSection
	GlobalSection(ExtensibilityGlobals) = postSolution
		SolutionGuid = {97163CE9-9ECB-414A-BCBE-DE49E3518F56}
	EndGlobalSection
EndGlobal
